
Microsoft Visual Studio Solution File, Format Version 12.00
# Visual Studio Version 16
VisualStudioVersion = 16.0.29519.87
MinimumVisualStudioVersion = 10.0.40219.1
Project("{FAE04EC0-301F-11D3-BF4B-00C04F79EFBC}") = "SRtoolbox", "SRtoolbox.csproj", "{C68F9AEC-B803-486E-BFEE-4B1823D3CB97}"
EndProject
Global
	GlobalSection(SolutionConfigurationPlatforms) = preSolution
		Debug|Any CPU = Debug|Any CPU
		Release|Any CPU = Release|Any CPU
	EndGlobalSection
	GlobalSection(ProjectConfigurationPlatforms) = postSolution
		{C68F9AEC-B803-486E-BFEE-4B1823D3CB97}.Debug|Any CPU.ActiveCfg = Debug|Any CPU
		{C68F9AEC-B803-486E-BFEE-4B1823D3CB97}.Debug|Any CPU.Build.0 = Debug|Any CPU
		{C68F9AEC-B803-486E-BFEE-4B1823D3CB97}.Release|Any CPU.ActiveCfg = Release|Any CPU
		{C68F9AEC-B803-486E-BFEE-4B1823D3CB97}.Release|Any CPU.Build.0 = Release|Any CPU
	EndGlobalSection
	GlobalSection(SolutionProperties) = preSolution
		HideSolutionNode = FALSE
	EndGlobalSection
	GlobalSection(ExtensibilityGlobals) = postSolution
		SolutionGuid = {8218E1F3-7283-488E-985D-2CDC7BE31845}
	EndGlobalSection
EndGlobal
